
Microsoft Visual Studio Solution File, Format Version 12.00
# Visual Studio 14
VisualStudioVersion = 14.0.25420.1
MinimumVisualStudioVersion = 10.0.40219.1
Project("{FAE04EC0-301F-11D3-BF4B-00C04F79EFBC}") = "Hello", "Hello\Hello.csproj", "{C0D3D75C-1EC7-4742-8596-108BE4DB297C}"
EndProject
Project("{FAE04EC0-301F-11D3-BF4B-00C04F79EFBC}") = "StudentDiary", "StudentDiary\StudentDiary.csproj", "{86382478-6430-4E4D-8717-03AE9F2F0ACD}"
EndProject
Project("{FAE04EC0-301F-11D3-BF4B-00C04F79EFBC}") = "Constructors", "Constructors\Constructors.csproj", "{5204511F-9325-465B-BFCB-1501A57FCF99}"
EndProject
Project("{FAE04EC0-301F-11D3-BF4B-00C04F79EFBC}") = "Episode10", "Episode10\Episode10.csproj", "{9234D681-9663-4846-AE08-015100DA7B39}"
EndProject
Global
	GlobalSection(SolutionConfigurationPlatforms) = preSolution
		Debug|Any CPU = Debug|Any CPU
		Release|Any CPU = Release|Any CPU
	EndGlobalSection
	GlobalSection(ProjectConfigurationPlatforms) = postSolution
		{C0D3D75C-1EC7-4742-8596-108BE4DB297C}.Debug|Any CPU.ActiveCfg = Debug|Any CPU
		{C0D3D75C-1EC7-4742-8596-108BE4DB297C}.Debug|Any CPU.Build.0 = Debug|Any CPU
		{C0D3D75C-1EC7-4742-8596-108BE4DB297C}.Release|Any CPU.ActiveCfg = Release|Any CPU
		{C0D3D75C-1EC7-4742-8596-108BE4DB297C}.Release|Any CPU.Build.0 = Release|Any CPU
		{86382478-6430-4E4D-8717-03AE9F2F0ACD}.Debug|Any CPU.ActiveCfg = Debug|Any CPU
		{86382478-6430-4E4D-8717-03AE9F2F0ACD}.Debug|Any CPU.Build.0 = Debug|Any CPU
		{86382478-6430-4E4D-8717-03AE9F2F0ACD}.Release|Any CPU.ActiveCfg = Release|Any CPU
		{86382478-6430-4E4D-8717-03AE9F2F0ACD}.Release|Any CPU.Build.0 = Release|Any CPU
		{5204511F-9325-465B-BFCB-1501A57FCF99}.Debug|Any CPU.ActiveCfg = Debug|Any CPU
		{5204511F-9325-465B-BFCB-1501A57FCF99}.Debug|Any CPU.Build.0 = Debug|Any CPU
		{5204511F-9325-465B-BFCB-1501A57FCF99}.Release|Any CPU.ActiveCfg = Release|Any CPU
		{5204511F-9325-465B-BFCB-1501A57FCF99}.Release|Any CPU.Build.0 = Release|Any CPU
		{9234D681-9663-4846-AE08-015100DA7B39}.Debug|Any CPU.ActiveCfg = Debug|Any CPU
		{9234D681-9663-4846-AE08-015100DA7B39}.Debug|Any CPU.Build.0 = Debug|Any CPU
		{9234D681-9663-4846-AE08-015100DA7B39}.Release|Any CPU.ActiveCfg = Release|Any CPU
		{9234D681-9663-4846-AE08-015100DA7B39}.Release|Any CPU.Build.0 = Release|Any CPU
	EndGlobalSection
	GlobalSection(SolutionProperties) = preSolution
		HideSolutionNode = FALSE
	EndGlobalSection
	GlobalSection(ExtensibilityGlobals) = postSolution
		SolutionGuid = {C47FA827-FDF3-446D-9F23-D90209FD3265}
	EndGlobalSection
EndGlobal
